Microsoft Visual Studio Solution File, Format Version 11.00
# Visual Studio 2008

Project("{D3CC98C8-5B56-F3FB-82E8-37FC5D033004}") = "ant-mba", "Assembly-CSharp-firstpass.csproj", "{E43CBEC8-4C74-C007-2984-95A9148ED846}"
EndProject
Project("{D3CC98C8-5B56-F3FB-82E8-37FC5D033004}") = "ant-mba", "Assembly-CSharp.csproj", "{7A83EB2C-32E5-8F2F-1C0F-8B8A9320F281}"
EndProject
Global
	GlobalSection(SolutionConfigurationPlatforms) = preSolution
		Debug|Any CPU = Debug|Any CPU
		Release|Any CPU = Release|Any CPU
	EndGlobalSection
	GlobalSection(ProjectConfigurationPlatforms) = postSolution
		{E43CBEC8-4C74-C007-2984-95A9148ED846}.Debug|Any CPU.ActiveCfg = Debug|Any CPU
		{E43CBEC8-4C74-C007-2984-95A9148ED846}.Debug|Any CPU.Build.0 = Debug|Any CPU
		{E43CBEC8-4C74-C007-2984-95A9148ED846}.Release|Any CPU.ActiveCfg = Release|Any CPU
		{E43CBEC8-4C74-C007-2984-95A9148ED846}.Release|Any CPU.Build.0 = Release|Any CPU
		{7A83EB2C-32E5-8F2F-1C0F-8B8A9320F281}.Debug|Any CPU.ActiveCfg = Debug|Any CPU
		{7A83EB2C-32E5-8F2F-1C0F-8B8A9320F281}.Debug|Any CPU.Build.0 = Debug|Any CPU
		{7A83EB2C-32E5-8F2F-1C0F-8B8A9320F281}.Release|Any CPU.ActiveCfg = Release|Any CPU
		{7A83EB2C-32E5-8F2F-1C0F-8B8A9320F281}.Release|Any CPU.Build.0 = Release|Any CPU
	EndGlobalSection
	GlobalSection(SolutionProperties) = preSolution
		HideSolutionNode = FALSE
	EndGlobalSection
																					GlobalSection(MonoDevelopProperties) = preSolution
=======
																			GlobalSection(MonoDevelopProperties) = preSolution
>>>>>>> sideScrollAnimation
		StartupItem = Assembly-CSharp.csproj
		Policies = $0
		$0.TextStylePolicy = $1
		$1.inheritsSet = null
		$1.scope = text/x-csharp
		$0.CSharpFormattingPolicy = $2
		$2.inheritsSet = Mono
		$2.inheritsScope = text/x-csharp
		$2.scope = text/x-csharp
		$0.TextStylePolicy = $3
		$3.FileWidth = 120
		$3.TabWidth = 4
		$3.EolMarker = Unix
		$3.inheritsSet = Mono
		$3.inheritsScope = text/plain
		$3.scope = text/plain
	EndGlobalSection

EndGlobal
